<Solution>
  <Project Path="edificio_digital.Client/edificio_digital.Client.csproj" />
  <Project Path="edificio_digital.Entity/edificio_digital.Entity.csproj" />
  <Project Path="edificio_digital.Models/edificio_digital.Models.csproj" />
  <Project Path="edificio_digital.Service/edificio_digital.Service.csproj" />
  <Project Path="edificio_digital/edificio_digital.csproj" />
</Solution>
